
Microsoft Visual Studio Solution File, Format Version 12.00
# Visual Studio 15
VisualStudioVersion = 15.0.28307.271
MinimumVisualStudioVersion = 10.0.40219.1
Project("{FAE04EC0-301F-11D3-BF4B-00C04F79EFBC}") = "MVC 1", "MVC 1\MVC 1.csproj", "{4147554E-7243-44EA-8CCC-D01566DC3E85}"
EndProject
Project("{2150E333-8FDC-42A3-9474-1A3956D46DE8}") = "Ders1", "Ders1", "{B8FAE3B0-B429-446F-B270-6C4E782806F9}"
EndProject
Project("{2150E333-8FDC-42A3-9474-1A3956D46DE8}") = "Ders2", "Ders2", "{D194EEFB-F7CB-4F80-9D31-6746531B9816}"
EndProject
Project("{FAE04EC0-301F-11D3-BF4B-00C04F79EFBC}") = "AjaxIslemleri", "AjaxIslemleri\AjaxIslemleri.csproj", "{3B540550-EEE1-4F81-9954-F4392C23C534}"
EndProject
Project("{2150E333-8FDC-42A3-9474-1A3956D46DE8}") = "Ders3", "Ders3", "{2916FE9F-335C-42C7-96CF-C099F8B62082}"
EndProject
Project("{2150E333-8FDC-42A3-9474-1A3956D46DE8}") = "Tema", "Tema", "{C472FCEA-6E93-4464-A578-83BABA8232FF}"
EndProject
Project("{2150E333-8FDC-42A3-9474-1A3956D46DE8}") = "Proje", "Proje", "{06870518-DF0D-4C9A-BDE2-911847BC85C3}"
EndProject
Project("{FAE04EC0-301F-11D3-BF4B-00C04F79EFBC}") = "Admin.Tema", "Admin.Tema\Admin.Tema.csproj", "{F4543933-7258-4BFA-ADE9-029AB8A0C7BE}"
EndProject
Project("{FAE04EC0-301F-11D3-BF4B-00C04F79EFBC}") = "Admin.Web.UI", "Admin.Web.UI\Admin.Web.UI.csproj", "{9AA7A580-8046-419C-AE68-1DCC0B6B3D1E}"
EndProject
Project("{FAE04EC0-301F-11D3-BF4B-00C04F79EFBC}") = "Admin.Models", "Admin.Models\Admin.Models.csproj", "{106BC1BF-ADB2-437F-9222-AF60ADFFE6C5}"
EndProject
Project("{FAE04EC0-301F-11D3-BF4B-00C04F79EFBC}") = "Admin.DAL", "Admin.Dal\Admin.DAL.csproj", "{4753CC51-3031-4F86-8EA6-E91CCF4DD0E4}"
EndProject
Project("{FAE04EC0-301F-11D3-BF4B-00C04F79EFBC}") = "Admin.BLL", "Admin.BLL\Admin.BLL.csproj", "{F65134FE-660B-4F3C-8178-3B77D1D5A875}"
EndProject
Project("{2150E333-8FDC-42A3-9474-1A3956D46DE8}") = "Ders5", "Ders5", "{297B0398-F766-4640-84EA-F322B2AB01BD}"
EndProject
Project("{FAE04EC0-301F-11D3-BF4B-00C04F79EFBC}") = "AreaKullanimi", "AreaKullanimi\AreaKullanimi.csproj", "{12E6CDBD-1099-4976-95B9-64BBB2789FE6}"
EndProject
Project("{2150E333-8FDC-42A3-9474-1A3956D46DE8}") = "Ders6", "Ders6", "{3280D706-0D50-416C-9189-745C45671AE5}"
EndProject
Project("{FAE04EC0-301F-11D3-BF4B-00C04F79EFBC}") = "WepApiAngularJs", "WepApiAngularJs\WepApiAngularJs.csproj", "{02C6F6DE-7329-4B4D-A7D8-9D659FF0A36C}"
EndProject
Project("{2150E333-8FDC-42A3-9474-1A3956D46DE8}") = "Ders7", "Ders7", "{B96B9B03-38E0-41BC-992B-98BFD99CC8C3}"
EndProject
Project("{FAE04EC0-301F-11D3-BF4B-00C04F79EFBC}") = "SinyalRApp", "SinyalRApp\SinyalRApp.csproj", "{EAAD7099-32CC-464F-AB85-7F3CFEA2C79A}"
EndProject
Global
	GlobalSection(SolutionConfigurationPlatforms) = preSolution
		Debug|Any CPU = Debug|Any CPU
		Release|Any CPU = Release|Any CPU
	EndGlobalSection
	GlobalSection(ProjectConfigurationPlatforms) = postSolution
		{4147554E-7243-44EA-8CCC-D01566DC3E85}.Debug|Any CPU.ActiveCfg = Debug|Any CPU
		{4147554E-7243-44EA-8CCC-D01566DC3E85}.Debug|Any CPU.Build.0 = Debug|Any CPU
		{4147554E-7243-44EA-8CCC-D01566DC3E85}.Release|Any CPU.ActiveCfg = Release|Any CPU
		{4147554E-7243-44EA-8CCC-D01566DC3E85}.Release|Any CPU.Build.0 = Release|Any CPU
		{3B540550-EEE1-4F81-9954-F4392C23C534}.Debug|Any CPU.ActiveCfg = Debug|Any CPU
		{3B540550-EEE1-4F81-9954-F4392C23C534}.Debug|Any CPU.Build.0 = Debug|Any CPU
		{3B540550-EEE1-4F81-9954-F4392C23C534}.Release|Any CPU.ActiveCfg = Release|Any CPU
		{3B540550-EEE1-4F81-9954-F4392C23C534}.Release|Any CPU.Build.0 = Release|Any CPU
		{F4543933-7258-4BFA-ADE9-029AB8A0C7BE}.Debug|Any CPU.ActiveCfg = Debug|Any CPU
		{F4543933-7258-4BFA-ADE9-029AB8A0C7BE}.Debug|Any CPU.Build.0 = Debug|Any CPU
		{F4543933-7258-4BFA-ADE9-029AB8A0C7BE}.Release|Any CPU.ActiveCfg = Release|Any CPU
		{F4543933-7258-4BFA-ADE9-029AB8A0C7BE}.Release|Any CPU.Build.0 = Release|Any CPU
		{9AA7A580-8046-419C-AE68-1DCC0B6B3D1E}.Debug|Any CPU.ActiveCfg = Debug|Any CPU
		{9AA7A580-8046-419C-AE68-1DCC0B6B3D1E}.Debug|Any CPU.Build.0 = Debug|Any CPU
		{9AA7A580-8046-419C-AE68-1DCC0B6B3D1E}.Release|Any CPU.ActiveCfg = Release|Any CPU
		{9AA7A580-8046-419C-AE68-1DCC0B6B3D1E}.Release|Any CPU.Build.0 = Release|Any CPU
		{106BC1BF-ADB2-437F-9222-AF60ADFFE6C5}.Debug|Any CPU.ActiveCfg = Debug|Any CPU
		{106BC1BF-ADB2-437F-9222-AF60ADFFE6C5}.Debug|Any CPU.Build.0 = Debug|Any CPU
		{106BC1BF-ADB2-437F-9222-AF60ADFFE6C5}.Release|Any CPU.ActiveCfg = Release|Any CPU
		{106BC1BF-ADB2-437F-9222-AF60ADFFE6C5}.Release|Any CPU.Build.0 = Release|Any CPU
		{4753CC51-3031-4F86-8EA6-E91CCF4DD0E4}.Debug|Any CPU.ActiveCfg = Debug|Any CPU
		{4753CC51-3031-4F86-8EA6-E91CCF4DD0E4}.Debug|Any CPU.Build.0 = Debug|Any CPU
		{4753CC51-3031-4F86-8EA6-E91CCF4DD0E4}.Release|Any CPU.ActiveCfg = Release|Any CPU
		{4753CC51-3031-4F86-8EA6-E91CCF4DD0E4}.Release|Any CPU.Build.0 = Release|Any CPU
		{F65134FE-660B-4F3C-8178-3B77D1D5A875}.Debug|Any CPU.ActiveCfg = Debug|Any CPU
		{F65134FE-660B-4F3C-8178-3B77D1D5A875}.Debug|Any CPU.Build.0 = Debug|Any CPU
		{F65134FE-660B-4F3C-8178-3B77D1D5A875}.Release|Any CPU.ActiveCfg = Release|Any CPU
		{F65134FE-660B-4F3C-8178-3B77D1D5A875}.Release|Any CPU.Build.0 = Release|Any CPU
		{12E6CDBD-1099-4976-95B9-64BBB2789FE6}.Debug|Any CPU.ActiveCfg = Debug|Any CPU
		{12E6CDBD-1099-4976-95B9-64BBB2789FE6}.Debug|Any CPU.Build.0 = Debug|Any CPU
		{12E6CDBD-1099-4976-95B9-64BBB2789FE6}.Release|Any CPU.ActiveCfg = Release|Any CPU
		{12E6CDBD-1099-4976-95B9-64BBB2789FE6}.Release|Any CPU.Build.0 = Release|Any CPU
		{02C6F6DE-7329-4B4D-A7D8-9D659FF0A36C}.Debug|Any CPU.ActiveCfg = Debug|Any CPU
		{02C6F6DE-7329-4B4D-A7D8-9D659FF0A36C}.Debug|Any CPU.Build.0 = Debug|Any CPU
		{02C6F6DE-7329-4B4D-A7D8-9D659FF0A36C}.Release|Any CPU.ActiveCfg = Release|Any CPU
		{02C6F6DE-7329-4B4D-A7D8-9D659FF0A36C}.Release|Any CPU.Build.0 = Release|Any CPU
		{EAAD7099-32CC-464F-AB85-7F3CFEA2C79A}.Debug|Any CPU.ActiveCfg = Debug|Any CPU
		{EAAD7099-32CC-464F-AB85-7F3CFEA2C79A}.Debug|Any CPU.Build.0 = Debug|Any CPU
		{EAAD7099-32CC-464F-AB85-7F3CFEA2C79A}.Release|Any CPU.ActiveCfg = Release|Any CPU
		{EAAD7099-32CC-464F-AB85-7F3CFEA2C79A}.Release|Any CPU.Build.0 = Release|Any CPU
	EndGlobalSection
	GlobalSection(SolutionProperties) = preSolution
		HideSolutionNode = FALSE
	EndGlobalSection
	GlobalSection(NestedProjects) = preSolution
		{4147554E-7243-44EA-8CCC-D01566DC3E85} = {B8FAE3B0-B429-446F-B270-6C4E782806F9}
		{3B540550-EEE1-4F81-9954-F4392C23C534} = {D194EEFB-F7CB-4F80-9D31-6746531B9816}
		{C472FCEA-6E93-4464-A578-83BABA8232FF} = {2916FE9F-335C-42C7-96CF-C099F8B62082}
		{06870518-DF0D-4C9A-BDE2-911847BC85C3} = {2916FE9F-335C-42C7-96CF-C099F8B62082}
		{F4543933-7258-4BFA-ADE9-029AB8A0C7BE} = {C472FCEA-6E93-4464-A578-83BABA8232FF}
		{9AA7A580-8046-419C-AE68-1DCC0B6B3D1E} = {06870518-DF0D-4C9A-BDE2-911847BC85C3}
		{106BC1BF-ADB2-437F-9222-AF60ADFFE6C5} = {06870518-DF0D-4C9A-BDE2-911847BC85C3}
		{4753CC51-3031-4F86-8EA6-E91CCF4DD0E4} = {06870518-DF0D-4C9A-BDE2-911847BC85C3}
		{F65134FE-660B-4F3C-8178-3B77D1D5A875} = {06870518-DF0D-4C9A-BDE2-911847BC85C3}
		{12E6CDBD-1099-4976-95B9-64BBB2789FE6} = {297B0398-F766-4640-84EA-F322B2AB01BD}
		{02C6F6DE-7329-4B4D-A7D8-9D659FF0A36C} = {3280D706-0D50-416C-9189-745C45671AE5}
		{EAAD7099-32CC-464F-AB85-7F3CFEA2C79A} = {B96B9B03-38E0-41BC-992B-98BFD99CC8C3}
	EndGlobalSection
	GlobalSection(ExtensibilityGlobals) = postSolution
		SolutionGuid = {EB3D710D-B2C4-4156-BF16-53F22ECB7085}
	EndGlobalSection
EndGlobal
